
Microsoft Visual Studio Solution File, Format Version 12.00
# Visual Studio Version 17
VisualStudioVersion = 17.14.36603.0 d17.14
MinimumVisualStudioVersion = 10.0.40219.1
Project("{FAE04EC0-301F-11D3-BF4B-00C04F79EFBC}") = "HTF", "HTF.csproj", "{16D68C6A-A0F3-4430-8125-6761982FEF0C}"
EndProject
Global
	GlobalSection(SolutionConfigurationPlatforms) = preSolution
		Debug|Any CPU = Debug|Any CPU
		Release|Any CPU = Release|Any CPU
	EndGlobalSection
	GlobalSection(ProjectConfigurationPlatforms) = postSolution
		{16D68C6A-A0F3-4430-8125-6761982FEF0C}.Debug|Any CPU.ActiveCfg = Debug|Any CPU
		{16D68C6A-A0F3-4430-8125-6761982FEF0C}.Debug|Any CPU.Build.0 = Debug|Any CPU
		{16D68C6A-A0F3-4430-8125-6761982FEF0C}.Release|Any CPU.ActiveCfg = Release|Any CPU
		{16D68C6A-A0F3-4430-8125-6761982FEF0C}.Release|Any CPU.Build.0 = Release|Any CPU
	EndGlobalSection
	GlobalSection(SolutionProperties) = preSolution
		HideSolutionNode = FALSE
	EndGlobalSection
	GlobalSection(ExtensibilityGlobals) = postSolution
		SolutionGuid = {550F6110-2CBD-4537-B011-A8D8217957D7}
	EndGlobalSection
EndGlobal
